
Microsoft Visual Studio Solution File, Format Version 12.00
# Visual Studio Version 16
VisualStudioVersion = 16.0.30204.135
MinimumVisualStudioVersion = 10.0.40219.1
Project("{2150E333-8FDC-42A3-9474-1A3956D46DE8}") = "Solution Items", "Solution Items", "{976DD974-775A-4E41-812F-B7E972942B08}"
	ProjectSection(SolutionItems) = preProject
		README.md = README.md
	EndProjectSection
EndProject
Project("{FAE04EC0-301F-11D3-BF4B-00C04F79EFBC}") = "TShopSolution.Data", "TShopSolution.Data\TShopSolution.Data.csproj", "{526270CF-CB9E-4464-913E-146BD052614B}"
EndProject
Global
	GlobalSection(SolutionConfigurationPlatforms) = preSolution
		Debug|Any CPU = Debug|Any CPU
		Release|Any CPU = Release|Any CPU
	EndGlobalSection
	GlobalSection(ProjectConfigurationPlatforms) = postSolution
		{526270CF-CB9E-4464-913E-146BD052614B}.Debug|Any CPU.ActiveCfg = Debug|Any CPU
		{526270CF-CB9E-4464-913E-146BD052614B}.Debug|Any CPU.Build.0 = Debug|Any CPU
		{526270CF-CB9E-4464-913E-146BD052614B}.Release|Any CPU.ActiveCfg = Release|Any CPU
		{526270CF-CB9E-4464-913E-146BD052614B}.Release|Any CPU.Build.0 = Release|Any CPU
	EndGlobalSection
	GlobalSection(SolutionProperties) = preSolution
		HideSolutionNode = FALSE
	EndGlobalSection
	GlobalSection(ExtensibilityGlobals) = postSolution
		SolutionGuid = {F64CDBA1-C764-4D2A-AB80-8BB024C14B1B}
	EndGlobalSection
EndGlobal
